
Microsoft Visual Studio Solution File, Format Version 12.00
# Visual Studio 15
Project("{FAE04EC0-301F-11D3-BF4B-00C04F79EFBC}") = "Top-down-shooter---AINT-155-", "Assembly-CSharp.csproj", "{AB5EEEA5-4F58-51E5-0798-FEC80849C678}"
EndProject
Project("{FAE04EC0-301F-11D3-BF4B-00C04F79EFBC}") = "Top-down-shooter---AINT-155-", "AstarPathfindingProject.csproj", "{07ACC7A4-7BA9-8D84-1591-09551FA06B12}"
EndProject
Project("{FAE04EC0-301F-11D3-BF4B-00C04F79EFBC}") = "Top-down-shooter---AINT-155-", "AstarPathfindingProjectEditor.csproj", "{F095E195-5B71-C8C7-76BA-005E9B9EC1AD}"
EndProject
Project("{FAE04EC0-301F-11D3-BF4B-00C04F79EFBC}") = "Top-down-shooter---AINT-155-", "PackageToolsEditor.csproj", "{13CE0802-5403-BA02-9D2C-938F6D810D33}"
EndProject
Global
	GlobalSection(SolutionConfigurationPlatforms) = preSolution
		Debug|Any CPU = Debug|Any CPU
		Release|Any CPU = Release|Any CPU
	EndGlobalSection
	GlobalSection(ProjectConfigurationPlatforms) = postSolution
		{AB5EEEA5-4F58-51E5-0798-FEC80849C678}.Debug|Any CPU.ActiveCfg = Debug|Any CPU
		{AB5EEEA5-4F58-51E5-0798-FEC80849C678}.Debug|Any CPU.Build.0 = Debug|Any CPU
		{AB5EEEA5-4F58-51E5-0798-FEC80849C678}.Release|Any CPU.ActiveCfg = Release|Any CPU
		{AB5EEEA5-4F58-51E5-0798-FEC80849C678}.Release|Any CPU.Build.0 = Release|Any CPU
		{07ACC7A4-7BA9-8D84-1591-09551FA06B12}.Debug|Any CPU.ActiveCfg = Debug|Any CPU
		{07ACC7A4-7BA9-8D84-1591-09551FA06B12}.Debug|Any CPU.Build.0 = Debug|Any CPU
		{07ACC7A4-7BA9-8D84-1591-09551FA06B12}.Release|Any CPU.ActiveCfg = Release|Any CPU
		{07ACC7A4-7BA9-8D84-1591-09551FA06B12}.Release|Any CPU.Build.0 = Release|Any CPU
		{F095E195-5B71-C8C7-76BA-005E9B9EC1AD}.Debug|Any CPU.ActiveCfg = Debug|Any CPU
		{F095E195-5B71-C8C7-76BA-005E9B9EC1AD}.Debug|Any CPU.Build.0 = Debug|Any CPU
		{F095E195-5B71-C8C7-76BA-005E9B9EC1AD}.Release|Any CPU.ActiveCfg = Release|Any CPU
		{F095E195-5B71-C8C7-76BA-005E9B9EC1AD}.Release|Any CPU.Build.0 = Release|Any CPU
		{13CE0802-5403-BA02-9D2C-938F6D810D33}.Debug|Any CPU.ActiveCfg = Debug|Any CPU
		{13CE0802-5403-BA02-9D2C-938F6D810D33}.Debug|Any CPU.Build.0 = Debug|Any CPU
		{13CE0802-5403-BA02-9D2C-938F6D810D33}.Release|Any CPU.ActiveCfg = Release|Any CPU
		{13CE0802-5403-BA02-9D2C-938F6D810D33}.Release|Any CPU.Build.0 = Release|Any CPU
	EndGlobalSection
	GlobalSection(SolutionProperties) = preSolution
		HideSolutionNode = FALSE
	EndGlobalSection
EndGlobal
